
Microsoft Visual Studio Solution File, Format Version 12.00
# Visual Studio Version 17
VisualStudioVersion = 17.11.35222.181
MinimumVisualStudioVersion = 10.0.40219.1
Project("{9A19103F-16F7-4668-BE54-9A1E7A4F7556}") = "CameraServicesPlatform.BackEnd.Common", "CameraServicesPlatform.BackEnd.Common\CameraServicesPlatform.BackEnd.Common.csproj", "{D547AA06-E740-4B1E-8C2A-52B4B81BDC5A}"
EndProject
Project("{9A19103F-16F7-4668-BE54-9A1E7A4F7556}") = "CameraServicesPlatform.BackEnd.API", "CameraServicesPlatform.BackEnd.API\CameraServicesPlatform.BackEnd.API.csproj", "{44572442-11C8-4466-BC32-8BC44DA0AE6D}"
EndProject
Project("{9A19103F-16F7-4668-BE54-9A1E7A4F7556}") = "CameraServicesPlatform.BackEnd.Application", "CameraServicesPlatform.BackEnd.Application\CameraServicesPlatform.BackEnd.Application.csproj", "{AC14727F-1546-4591-8418-388B56FC7737}"
EndProject
Project("{9A19103F-16F7-4668-BE54-9A1E7A4F7556}") = "CameraServicesPlatform.BackEnd.Domain", "CameraServicesPlatform.BackEnd.Domain\CameraServicesPlatform.BackEnd.Domain.csproj", "{CE716C0C-0A13-4939-84DE-F49FA9A9F9D8}"
EndProject
Project("{9A19103F-16F7-4668-BE54-9A1E7A4F7556}") = "CameraServicesPlatform.BackEnd.Infrastructure", "CameraServicesPlatform.BackEnd.Infrastructure\CameraServicesPlatform.BackEnd.Infrastructure.csproj", "{9A332511-11F2-4D51-971F-9F9FA9B070DD}"
EndProject
Project("{2150E333-8FDC-42A3-9474-1A3956D46DE8}") = "Solution Items", "Solution Items", "{F389082C-8467-4E6E-9337-31DE10E0F13C}"
	ProjectSection(SolutionItems) = preProject
		note.txt = note.txt
		saveaccount.txt = saveaccount.txt
		TextFile1.txt = TextFile1.txt
		TextFile2.txt = TextFile2.txt
	EndProjectSection
EndProject
Project("{E53339B2-1760-4266-BCC7-CA923CBCF16C}") = "docker-compose", "docker-compose.dcproj", "{7214F908-F58E-4F50-9AEB-D247DA47D318}"
EndProject
Project("{2150E333-8FDC-42A3-9474-1A3956D46DE8}") = "migration", "migration", "{24826BDC-DA17-4DFC-9B56-43638C131A07}"
	ProjectSection(SolutionItems) = preProject
		CameraServicesPlatform.BackEnd.Domain\MigrationHistory\20240919213243_RemoveWarmmingForgeinKey.cs = CameraServicesPlatform.BackEnd.Domain\MigrationHistory\20240919213243_RemoveWarmmingForgeinKey.cs
		CameraServicesPlatform.BackEnd.Domain\MigrationHistory\20240919213243_RemoveWarmmingForgeinKey.Designer.cs = CameraServicesPlatform.BackEnd.Domain\MigrationHistory\20240919213243_RemoveWarmmingForgeinKey.Designer.cs
		CameraServicesPlatform.BackEnd.Domain\MigrationHistory\20240920161058_VPS.cs = CameraServicesPlatform.BackEnd.Domain\MigrationHistory\20240920161058_VPS.cs
		CameraServicesPlatform.BackEnd.Domain\MigrationHistory\20240920161058_VPS.Designer.cs = CameraServicesPlatform.BackEnd.Domain\MigrationHistory\20240920161058_VPS.Designer.cs
		CameraServicesPlatform.BackEnd.Domain\MigrationHistory\20240922072935_UpdateMembertable.cs = CameraServicesPlatform.BackEnd.Domain\MigrationHistory\20240922072935_UpdateMembertable.cs
		CameraServicesPlatform.BackEnd.Domain\MigrationHistory\20240922072935_UpdateMembertable.Designer.cs = CameraServicesPlatform.BackEnd.Domain\MigrationHistory\20240922072935_UpdateMembertable.Designer.cs
		CameraServicesPlatform.BackEnd.Domain\MigrationHistory\20240922075350_ChangeTyleDecimalToDouble.cs = CameraServicesPlatform.BackEnd.Domain\MigrationHistory\20240922075350_ChangeTyleDecimalToDouble.cs
		CameraServicesPlatform.BackEnd.Domain\MigrationHistory\20240922075350_ChangeTyleDecimalToDouble.Designer.cs = CameraServicesPlatform.BackEnd.Domain\MigrationHistory\20240922075350_ChangeTyleDecimalToDouble.Designer.cs
		CameraServicesPlatform.BackEnd.Domain\MigrationHistory\20240922075504_ChangeTyleDecimalToDouble2nd.cs = CameraServicesPlatform.BackEnd.Domain\MigrationHistory\20240922075504_ChangeTyleDecimalToDouble2nd.cs
		CameraServicesPlatform.BackEnd.Domain\MigrationHistory\20240922075504_ChangeTyleDecimalToDouble2nd.Designer.cs = CameraServicesPlatform.BackEnd.Domain\MigrationHistory\20240922075504_ChangeTyleDecimalToDouble2nd.Designer.cs
		CameraServicesPlatform.BackEnd.Domain\MigrationHistory\20240922083744_fixReportForgienKeyAccount.cs = CameraServicesPlatform.BackEnd.Domain\MigrationHistory\20240922083744_fixReportForgienKeyAccount.cs
		CameraServicesPlatform.BackEnd.Domain\MigrationHistory\20240922083744_fixReportForgienKeyAccount.Designer.cs = CameraServicesPlatform.BackEnd.Domain\MigrationHistory\20240922083744_fixReportForgienKeyAccount.Designer.cs
		CameraServicesPlatform.BackEnd.Domain\MigrationHistory\20240922223534_UpdateCategoryIDType.cs = CameraServicesPlatform.BackEnd.Domain\MigrationHistory\20240922223534_UpdateCategoryIDType.cs
		CameraServicesPlatform.BackEnd.Domain\MigrationHistory\20240922223534_UpdateCategoryIDType.Designer.cs = CameraServicesPlatform.BackEnd.Domain\MigrationHistory\20240922223534_UpdateCategoryIDType.Designer.cs
		CameraServicesPlatform.BackEnd.Domain\MigrationHistory\20240925071144_FixCategoryIDType.cs = CameraServicesPlatform.BackEnd.Domain\MigrationHistory\20240925071144_FixCategoryIDType.cs
		CameraServicesPlatform.BackEnd.Domain\MigrationHistory\20240925071144_FixCategoryIDType.Designer.cs = CameraServicesPlatform.BackEnd.Domain\MigrationHistory\20240925071144_FixCategoryIDType.Designer.cs
		CameraServicesPlatform.BackEnd.Domain\MigrationHistory\20240925072542_productfix.cs = CameraServicesPlatform.BackEnd.Domain\MigrationHistory\20240925072542_productfix.cs
		CameraServicesPlatform.BackEnd.Domain\MigrationHistory\20240925072542_productfix.Designer.cs = CameraServicesPlatform.BackEnd.Domain\MigrationHistory\20240925072542_productfix.Designer.cs
		CameraServicesPlatform.BackEnd.Domain\MigrationHistory\20240929095133_Update.cs = CameraServicesPlatform.BackEnd.Domain\MigrationHistory\20240929095133_Update.cs
		CameraServicesPlatform.BackEnd.Domain\MigrationHistory\20240929095133_Update.Designer.cs = CameraServicesPlatform.BackEnd.Domain\MigrationHistory\20240929095133_Update.Designer.cs
		CameraServicesPlatform.BackEnd.Domain\MigrationHistory\20240929111359_UpdateRole.cs = CameraServicesPlatform.BackEnd.Domain\MigrationHistory\20240929111359_UpdateRole.cs
		CameraServicesPlatform.BackEnd.Domain\MigrationHistory\20240929111359_UpdateRole.Designer.cs = CameraServicesPlatform.BackEnd.Domain\MigrationHistory\20240929111359_UpdateRole.Designer.cs
		CameraServicesPlatform.BackEnd.Domain\MigrationHistory\20241006054901_[addProductVoucher].cs = CameraServicesPlatform.BackEnd.Domain\MigrationHistory\20241006054901_[addProductVoucher].cs
		CameraServicesPlatform.BackEnd.Domain\MigrationHistory\20241006054901_[addProductVoucher].Designer.cs = CameraServicesPlatform.BackEnd.Domain\MigrationHistory\20241006054901_[addProductVoucher].Designer.cs
		CameraServicesPlatform.BackEnd.Domain\MigrationHistory\20241006081905_[UpdateProduct].cs = CameraServicesPlatform.BackEnd.Domain\MigrationHistory\20241006081905_[UpdateProduct].cs
		CameraServicesPlatform.BackEnd.Domain\MigrationHistory\20241006081905_[UpdateProduct].Designer.cs = CameraServicesPlatform.BackEnd.Domain\MigrationHistory\20241006081905_[UpdateProduct].Designer.cs
		CameraServicesPlatform.BackEnd.Domain\MigrationHistory\20241007172642_[account].cs = CameraServicesPlatform.BackEnd.Domain\MigrationHistory\20241007172642_[account].cs
		CameraServicesPlatform.BackEnd.Domain\MigrationHistory\20241007172642_[account].Designer.cs = CameraServicesPlatform.BackEnd.Domain\MigrationHistory\20241007172642_[account].Designer.cs
		CameraServicesPlatform.BackEnd.Domain\MigrationHistory\20241008142953_[rolename].cs = CameraServicesPlatform.BackEnd.Domain\MigrationHistory\20241008142953_[rolename].cs
		CameraServicesPlatform.BackEnd.Domain\MigrationHistory\20241008142953_[rolename].Designer.cs = CameraServicesPlatform.BackEnd.Domain\MigrationHistory\20241008142953_[rolename].Designer.cs
		CameraServicesPlatform.BackEnd.Domain\MigrationHistory\20241009135028_[fiximgnullSupplier].cs = CameraServicesPlatform.BackEnd.Domain\MigrationHistory\20241009135028_[fiximgnullSupplier].cs
		CameraServicesPlatform.BackEnd.Domain\MigrationHistory\20241009135028_[fiximgnullSupplier].Designer.cs = CameraServicesPlatform.BackEnd.Domain\MigrationHistory\20241009135028_[fiximgnullSupplier].Designer.cs
		CameraServicesPlatform.BackEnd.Domain\MigrationHistory\20241014174100_[UpdateAccountCitizenIdentificationCard1].cs = CameraServicesPlatform.BackEnd.Domain\MigrationHistory\20241014174100_[UpdateAccountCitizenIdentificationCard1].cs
		CameraServicesPlatform.BackEnd.Domain\MigrationHistory\20241014174100_[UpdateAccountCitizenIdentificationCard1].Designer.cs = CameraServicesPlatform.BackEnd.Domain\MigrationHistory\20241014174100_[UpdateAccountCitizenIdentificationCard1].Designer.cs
		CameraServicesPlatform.BackEnd.Domain\MigrationHistory\20241014174256_[UpdateAccountCitizenIdentificationCard2].cs = CameraServicesPlatform.BackEnd.Domain\MigrationHistory\20241014174256_[UpdateAccountCitizenIdentificationCard2].cs
		CameraServicesPlatform.BackEnd.Domain\MigrationHistory\20241014174256_[UpdateAccountCitizenIdentificationCard2].Designer.cs = CameraServicesPlatform.BackEnd.Domain\MigrationHistory\20241014174256_[UpdateAccountCitizenIdentificationCard2].Designer.cs
		CameraServicesPlatform.BackEnd.Domain\MigrationHistory\20241014174556_[UpdateBankInformation].cs = CameraServicesPlatform.BackEnd.Domain\MigrationHistory\20241014174556_[UpdateBankInformation].cs
		CameraServicesPlatform.BackEnd.Domain\MigrationHistory\20241014174556_[UpdateBankInformation].Designer.cs = CameraServicesPlatform.BackEnd.Domain\MigrationHistory\20241014174556_[UpdateBankInformation].Designer.cs
		CameraServicesPlatform.BackEnd.Domain\MigrationHistory\20241014184956_[AddContractTemplate].cs = CameraServicesPlatform.BackEnd.Domain\MigrationHistory\20241014184956_[AddContractTemplate].cs
		CameraServicesPlatform.BackEnd.Domain\MigrationHistory\20241014184956_[AddContractTemplate].Designer.cs = CameraServicesPlatform.BackEnd.Domain\MigrationHistory\20241014184956_[AddContractTemplate].Designer.cs
		CameraServicesPlatform.BackEnd.Domain\MigrationHistory\20241014185207_[AddWishlistTable].cs = CameraServicesPlatform.BackEnd.Domain\MigrationHistory\20241014185207_[AddWishlistTable].cs
		CameraServicesPlatform.BackEnd.Domain\MigrationHistory\20241014185207_[AddWishlistTable].Designer.cs = CameraServicesPlatform.BackEnd.Domain\MigrationHistory\20241014185207_[AddWishlistTable].Designer.cs
		CameraServicesPlatform.BackEnd.Domain\MigrationHistory\20241014191138_[UpdateContractTable].cs = CameraServicesPlatform.BackEnd.Domain\MigrationHistory\20241014191138_[UpdateContractTable].cs
		CameraServicesPlatform.BackEnd.Domain\MigrationHistory\20241014191138_[UpdateContractTable].Designer.cs = CameraServicesPlatform.BackEnd.Domain\MigrationHistory\20241014191138_[UpdateContractTable].Designer.cs
		CameraServicesPlatform.BackEnd.Domain\MigrationHistory\20241014203519_[categorynameunique].cs = CameraServicesPlatform.BackEnd.Domain\MigrationHistory\20241014203519_[categorynameunique].cs
		CameraServicesPlatform.BackEnd.Domain\MigrationHistory\20241014203519_[categorynameunique].Designer.cs = CameraServicesPlatform.BackEnd.Domain\MigrationHistory\20241014203519_[categorynameunique].Designer.cs
		CameraServicesPlatform.BackEnd.Domain\MigrationHistory\20241017193922_[UpdateBankingInformatinTable].cs = CameraServicesPlatform.BackEnd.Domain\MigrationHistory\20241017193922_[UpdateBankingInformatinTable].cs
		CameraServicesPlatform.BackEnd.Domain\MigrationHistory\20241017193922_[UpdateBankingInformatinTable].Designer.cs = CameraServicesPlatform.BackEnd.Domain\MigrationHistory\20241017193922_[UpdateBankingInformatinTable].Designer.cs
		CameraServicesPlatform.BackEnd.Domain\MigrationHistory\20241017194342_[UpdateContractTable1].cs = CameraServicesPlatform.BackEnd.Domain\MigrationHistory\20241017194342_[UpdateContractTable1].cs
		CameraServicesPlatform.BackEnd.Domain\MigrationHistory\20241017194342_[UpdateContractTable1].Designer.cs = CameraServicesPlatform.BackEnd.Domain\MigrationHistory\20241017194342_[UpdateContractTable1].Designer.cs
		CameraServicesPlatform.BackEnd.Domain\MigrationHistory\20241017213102_[UpdateOrderTable1].cs = CameraServicesPlatform.BackEnd.Domain\MigrationHistory\20241017213102_[UpdateOrderTable1].cs
		CameraServicesPlatform.BackEnd.Domain\MigrationHistory\20241017213102_[UpdateOrderTable1].Designer.cs = CameraServicesPlatform.BackEnd.Domain\MigrationHistory\20241017213102_[UpdateOrderTable1].Designer.cs
		CameraServicesPlatform.BackEnd.Domain\MigrationHistory\20241021073214_[uodateDeliver].cs = CameraServicesPlatform.BackEnd.Domain\MigrationHistory\20241021073214_[uodateDeliver].cs
		CameraServicesPlatform.BackEnd.Domain\MigrationHistory\20241021073214_[uodateDeliver].Designer.cs = CameraServicesPlatform.BackEnd.Domain\MigrationHistory\20241021073214_[uodateDeliver].Designer.cs
		CameraServicesPlatform.BackEnd.Domain\MigrationHistory\20241021165639_[UpdateContractTableTable1].cs = CameraServicesPlatform.BackEnd.Domain\MigrationHistory\20241021165639_[UpdateContractTableTable1].cs
		CameraServicesPlatform.BackEnd.Domain\MigrationHistory\20241021165639_[UpdateContractTableTable1].Designer.cs = CameraServicesPlatform.BackEnd.Domain\MigrationHistory\20241021165639_[UpdateContractTableTable1].Designer.cs
		CameraServicesPlatform.BackEnd.Domain\MigrationHistory\20241021170346_[UpdateWishlistTable].cs = CameraServicesPlatform.BackEnd.Domain\MigrationHistory\20241021170346_[UpdateWishlistTable].cs
		CameraServicesPlatform.BackEnd.Domain\MigrationHistory\20241021170346_[UpdateWishlistTable].Designer.cs = CameraServicesPlatform.BackEnd.Domain\MigrationHistory\20241021170346_[UpdateWishlistTable].Designer.cs
		CameraServicesPlatform.BackEnd.Domain\MigrationHistory\20241022154615_[updateDatabase].cs = CameraServicesPlatform.BackEnd.Domain\MigrationHistory\20241022154615_[updateDatabase].cs
		CameraServicesPlatform.BackEnd.Domain\MigrationHistory\20241022154615_[updateDatabase].Designer.cs = CameraServicesPlatform.BackEnd.Domain\MigrationHistory\20241022154615_[updateDatabase].Designer.cs
		CameraServicesPlatform.BackEnd.Domain\MigrationHistory\20241022191730_[updateVoucher].cs = CameraServicesPlatform.BackEnd.Domain\MigrationHistory\20241022191730_[updateVoucher].cs
		CameraServicesPlatform.BackEnd.Domain\MigrationHistory\20241022191730_[updateVoucher].Designer.cs = CameraServicesPlatform.BackEnd.Domain\MigrationHistory\20241022191730_[updateVoucher].Designer.cs
		CameraServicesPlatform.BackEnd.Domain\MigrationHistory\20241025192050_[update2610].cs = CameraServicesPlatform.BackEnd.Domain\MigrationHistory\20241025192050_[update2610].cs
		CameraServicesPlatform.BackEnd.Domain\MigrationHistory\20241025192050_[update2610].Designer.cs = CameraServicesPlatform.BackEnd.Domain\MigrationHistory\20241025192050_[update2610].Designer.cs
		CameraServicesPlatform.BackEnd.Domain\MigrationHistory\20241026112112_[update-data-fiels].cs = CameraServicesPlatform.BackEnd.Domain\MigrationHistory\20241026112112_[update-data-fiels].cs
		CameraServicesPlatform.BackEnd.Domain\MigrationHistory\20241026112112_[update-data-fiels].Designer.cs = CameraServicesPlatform.BackEnd.Domain\MigrationHistory\20241026112112_[update-data-fiels].Designer.cs
		CameraServicesPlatform.BackEnd.Domain\MigrationHistory\20241026114941_addfull.cs = CameraServicesPlatform.BackEnd.Domain\MigrationHistory\20241026114941_addfull.cs
		CameraServicesPlatform.BackEnd.Domain\MigrationHistory\20241026114941_addfull.Designer.cs = CameraServicesPlatform.BackEnd.Domain\MigrationHistory\20241026114941_addfull.Designer.cs
	EndProjectSection
EndProject
Global
	GlobalSection(SolutionConfigurationPlatforms) = preSolution
		Debug|Any CPU = Debug|Any CPU
		Release|Any CPU = Release|Any CPU
	EndGlobalSection
	GlobalSection(ProjectConfigurationPlatforms) = postSolution
		{D547AA06-E740-4B1E-8C2A-52B4B81BDC5A}.Debug|Any CPU.ActiveCfg = Debug|Any CPU
		{D547AA06-E740-4B1E-8C2A-52B4B81BDC5A}.Debug|Any CPU.Build.0 = Debug|Any CPU
		{D547AA06-E740-4B1E-8C2A-52B4B81BDC5A}.Release|Any CPU.ActiveCfg = Release|Any CPU
		{D547AA06-E740-4B1E-8C2A-52B4B81BDC5A}.Release|Any CPU.Build.0 = Release|Any CPU
		{44572442-11C8-4466-BC32-8BC44DA0AE6D}.Debug|Any CPU.ActiveCfg = Debug|Any CPU
		{44572442-11C8-4466-BC32-8BC44DA0AE6D}.Debug|Any CPU.Build.0 = Debug|Any CPU
		{44572442-11C8-4466-BC32-8BC44DA0AE6D}.Release|Any CPU.ActiveCfg = Release|Any CPU
		{44572442-11C8-4466-BC32-8BC44DA0AE6D}.Release|Any CPU.Build.0 = Release|Any CPU
		{AC14727F-1546-4591-8418-388B56FC7737}.Debug|Any CPU.ActiveCfg = Debug|Any CPU
		{AC14727F-1546-4591-8418-388B56FC7737}.Debug|Any CPU.Build.0 = Debug|Any CPU
		{AC14727F-1546-4591-8418-388B56FC7737}.Release|Any CPU.ActiveCfg = Release|Any CPU
		{AC14727F-1546-4591-8418-388B56FC7737}.Release|Any CPU.Build.0 = Release|Any CPU
		{CE716C0C-0A13-4939-84DE-F49FA9A9F9D8}.Debug|Any CPU.ActiveCfg = Debug|Any CPU
		{CE716C0C-0A13-4939-84DE-F49FA9A9F9D8}.Debug|Any CPU.Build.0 = Debug|Any CPU
		{CE716C0C-0A13-4939-84DE-F49FA9A9F9D8}.Release|Any CPU.ActiveCfg = Release|Any CPU
		{CE716C0C-0A13-4939-84DE-F49FA9A9F9D8}.Release|Any CPU.Build.0 = Release|Any CPU
		{9A332511-11F2-4D51-971F-9F9FA9B070DD}.Debug|Any CPU.ActiveCfg = Debug|Any CPU
		{9A332511-11F2-4D51-971F-9F9FA9B070DD}.Debug|Any CPU.Build.0 = Debug|Any CPU
		{9A332511-11F2-4D51-971F-9F9FA9B070DD}.Release|Any CPU.ActiveCfg = Release|Any CPU
		{9A332511-11F2-4D51-971F-9F9FA9B070DD}.Release|Any CPU.Build.0 = Release|Any CPU
		{7214F908-F58E-4F50-9AEB-D247DA47D318}.Debug|Any CPU.ActiveCfg = Debug|Any CPU
		{7214F908-F58E-4F50-9AEB-D247DA47D318}.Debug|Any CPU.Build.0 = Debug|Any CPU
		{7214F908-F58E-4F50-9AEB-D247DA47D318}.Release|Any CPU.ActiveCfg = Release|Any CPU
		{7214F908-F58E-4F50-9AEB-D247DA47D318}.Release|Any CPU.Build.0 = Release|Any CPU
	EndGlobalSection
	GlobalSection(SolutionProperties) = preSolution
		HideSolutionNode = FALSE
	EndGlobalSection
	GlobalSection(ExtensibilityGlobals) = postSolution
		SolutionGuid = {89A2D551-37A9-4BCF-ADC3-D36235B14C58}
	EndGlobalSection
EndGlobal
