
Microsoft Visual Studio Solution File, Format Version 12.00
# Visual Studio Version 17
VisualStudioVersion = 17.11.35222.181
MinimumVisualStudioVersion = 10.0.40219.1
Project("{9A19103F-16F7-4668-BE54-9A1E7A4F7556}") = "CameraServicesPlatform.BackEnd.Common", "CameraServicesPlatform.BackEnd.Common\CameraServicesPlatform.BackEnd.Common.csproj", "{D547AA06-E740-4B1E-8C2A-52B4B81BDC5A}"
EndProject
Project("{9A19103F-16F7-4668-BE54-9A1E7A4F7556}") = "CameraServicesPlatform.BackEnd.API", "CameraServicesPlatform.BackEnd.API\CameraServicesPlatform.BackEnd.API.csproj", "{44572442-11C8-4466-BC32-8BC44DA0AE6D}"
EndProject
Project("{9A19103F-16F7-4668-BE54-9A1E7A4F7556}") = "CameraServicesPlatform.BackEnd.Domain", "CameraServicesPlatform.BackEnd.BusinessObject\CameraServicesPlatform.BackEnd.Domain.csproj", "{AC2865D1-0298-4FF6-988E-5D482B5502BA}"
EndProject
Project("{9A19103F-16F7-4668-BE54-9A1E7A4F7556}") = "CameraServicesPlatform.BackEnd.Application", "CameraServicesPlatform.BackEnd.Repository\CameraServicesPlatform.BackEnd.Application.csproj", "{D58B473E-D4D2-4332-9E51-49E68D2D919E}"
EndProject
Project("{9A19103F-16F7-4668-BE54-9A1E7A4F7556}") = "CameraServicesPlatform.BackEnd.Infrastructure", "CameraServicesPlatform.BackEnd.Service\CameraServicesPlatform.BackEnd.Infrastructure.csproj", "{920EFB58-ECC2-40FC-A9C3-52BAA24A0C10}"
EndProject
Global
	GlobalSection(SolutionConfigurationPlatforms) = preSolution
		Debug|Any CPU = Debug|Any CPU
		Release|Any CPU = Release|Any CPU
	EndGlobalSection
	GlobalSection(ProjectConfigurationPlatforms) = postSolution
		{D547AA06-E740-4B1E-8C2A-52B4B81BDC5A}.Debug|Any CPU.ActiveCfg = Debug|Any CPU
		{D547AA06-E740-4B1E-8C2A-52B4B81BDC5A}.Debug|Any CPU.Build.0 = Debug|Any CPU
		{D547AA06-E740-4B1E-8C2A-52B4B81BDC5A}.Release|Any CPU.ActiveCfg = Release|Any CPU
		{D547AA06-E740-4B1E-8C2A-52B4B81BDC5A}.Release|Any CPU.Build.0 = Release|Any CPU
		{44572442-11C8-4466-BC32-8BC44DA0AE6D}.Debug|Any CPU.ActiveCfg = Debug|Any CPU
		{44572442-11C8-4466-BC32-8BC44DA0AE6D}.Debug|Any CPU.Build.0 = Debug|Any CPU
		{44572442-11C8-4466-BC32-8BC44DA0AE6D}.Release|Any CPU.ActiveCfg = Release|Any CPU
		{44572442-11C8-4466-BC32-8BC44DA0AE6D}.Release|Any CPU.Build.0 = Release|Any CPU
		{AC2865D1-0298-4FF6-988E-5D482B5502BA}.Debug|Any CPU.ActiveCfg = Debug|Any CPU
		{AC2865D1-0298-4FF6-988E-5D482B5502BA}.Debug|Any CPU.Build.0 = Debug|Any CPU
		{AC2865D1-0298-4FF6-988E-5D482B5502BA}.Release|Any CPU.ActiveCfg = Release|Any CPU
		{AC2865D1-0298-4FF6-988E-5D482B5502BA}.Release|Any CPU.Build.0 = Release|Any CPU
		{D58B473E-D4D2-4332-9E51-49E68D2D919E}.Debug|Any CPU.ActiveCfg = Debug|Any CPU
		{D58B473E-D4D2-4332-9E51-49E68D2D919E}.Debug|Any CPU.Build.0 = Debug|Any CPU
		{D58B473E-D4D2-4332-9E51-49E68D2D919E}.Release|Any CPU.ActiveCfg = Release|Any CPU
		{D58B473E-D4D2-4332-9E51-49E68D2D919E}.Release|Any CPU.Build.0 = Release|Any CPU
		{920EFB58-ECC2-40FC-A9C3-52BAA24A0C10}.Debug|Any CPU.ActiveCfg = Debug|Any CPU
		{920EFB58-ECC2-40FC-A9C3-52BAA24A0C10}.Debug|Any CPU.Build.0 = Debug|Any CPU
		{920EFB58-ECC2-40FC-A9C3-52BAA24A0C10}.Release|Any CPU.ActiveCfg = Release|Any CPU
		{920EFB58-ECC2-40FC-A9C3-52BAA24A0C10}.Release|Any CPU.Build.0 = Release|Any CPU
	EndGlobalSection
	GlobalSection(SolutionProperties) = preSolution
		HideSolutionNode = FALSE
	EndGlobalSection
	GlobalSection(ExtensibilityGlobals) = postSolution
		SolutionGuid = {89A2D551-37A9-4BCF-ADC3-D36235B14C58}
	EndGlobalSection
EndGlobal
