
Microsoft Visual Studio Solution File, Format Version 12.00
# Visual Studio Version 17
VisualStudioVersion = 17.11.35222.181
MinimumVisualStudioVersion = 10.0.40219.1
Project("{9A19103F-16F7-4668-BE54-9A1E7A4F7556}") = "CameraServicesPlatform.BackEnd.Common", "CameraServicesPlatform.BackEnd.Common\CameraServicesPlatform.BackEnd.Common.csproj", "{D547AA06-E740-4B1E-8C2A-52B4B81BDC5A}"
EndProject
Project("{9A19103F-16F7-4668-BE54-9A1E7A4F7556}") = "CameraServicesPlatform.BackEnd.API", "CameraServicesPlatform.BackEnd.API\CameraServicesPlatform.BackEnd.API.csproj", "{44572442-11C8-4466-BC32-8BC44DA0AE6D}"
EndProject
Project("{9A19103F-16F7-4668-BE54-9A1E7A4F7556}") = "CameraServicesPlatform.BackEnd.Application", "CameraServicesPlatform.BackEnd.Application\CameraServicesPlatform.BackEnd.Application.csproj", "{AC14727F-1546-4591-8418-388B56FC7737}"
EndProject
Project("{9A19103F-16F7-4668-BE54-9A1E7A4F7556}") = "CameraServicesPlatform.BackEnd.Domain", "CameraServicesPlatform.BackEnd.Domain\CameraServicesPlatform.BackEnd.Domain.csproj", "{CE716C0C-0A13-4939-84DE-F49FA9A9F9D8}"
EndProject
Project("{9A19103F-16F7-4668-BE54-9A1E7A4F7556}") = "CameraServicesPlatform.BackEnd.Infrastructure", "CameraServicesPlatform.BackEnd.Infrastructure\CameraServicesPlatform.BackEnd.Infrastructure.csproj", "{9A332511-11F2-4D51-971F-9F9FA9B070DD}"
EndProject
Project("{2150E333-8FDC-42A3-9474-1A3956D46DE8}") = "Solution Items", "Solution Items", "{F389082C-8467-4E6E-9337-31DE10E0F13C}"
	ProjectSection(SolutionItems) = preProject
		note.txt = note.txt
		saveaccount.txt = saveaccount.txt
	EndProjectSection
EndProject
Project("{E53339B2-1760-4266-BCC7-CA923CBCF16C}") = "docker-compose", "docker-compose.dcproj", "{7214F908-F58E-4F50-9AEB-D247DA47D318}"
EndProject
Global
	GlobalSection(SolutionConfigurationPlatforms) = preSolution
		Debug|Any CPU = Debug|Any CPU
		Release|Any CPU = Release|Any CPU
	EndGlobalSection
	GlobalSection(ProjectConfigurationPlatforms) = postSolution
		{D547AA06-E740-4B1E-8C2A-52B4B81BDC5A}.Debug|Any CPU.ActiveCfg = Debug|Any CPU
		{D547AA06-E740-4B1E-8C2A-52B4B81BDC5A}.Debug|Any CPU.Build.0 = Debug|Any CPU
		{D547AA06-E740-4B1E-8C2A-52B4B81BDC5A}.Release|Any CPU.ActiveCfg = Release|Any CPU
		{D547AA06-E740-4B1E-8C2A-52B4B81BDC5A}.Release|Any CPU.Build.0 = Release|Any CPU
		{44572442-11C8-4466-BC32-8BC44DA0AE6D}.Debug|Any CPU.ActiveCfg = Debug|Any CPU
		{44572442-11C8-4466-BC32-8BC44DA0AE6D}.Debug|Any CPU.Build.0 = Debug|Any CPU
		{44572442-11C8-4466-BC32-8BC44DA0AE6D}.Release|Any CPU.ActiveCfg = Release|Any CPU
		{44572442-11C8-4466-BC32-8BC44DA0AE6D}.Release|Any CPU.Build.0 = Release|Any CPU
		{AC14727F-1546-4591-8418-388B56FC7737}.Debug|Any CPU.ActiveCfg = Debug|Any CPU
		{AC14727F-1546-4591-8418-388B56FC7737}.Debug|Any CPU.Build.0 = Debug|Any CPU
		{AC14727F-1546-4591-8418-388B56FC7737}.Release|Any CPU.ActiveCfg = Release|Any CPU
		{AC14727F-1546-4591-8418-388B56FC7737}.Release|Any CPU.Build.0 = Release|Any CPU
		{CE716C0C-0A13-4939-84DE-F49FA9A9F9D8}.Debug|Any CPU.ActiveCfg = Debug|Any CPU
		{CE716C0C-0A13-4939-84DE-F49FA9A9F9D8}.Debug|Any CPU.Build.0 = Debug|Any CPU
		{CE716C0C-0A13-4939-84DE-F49FA9A9F9D8}.Release|Any CPU.ActiveCfg = Release|Any CPU
		{CE716C0C-0A13-4939-84DE-F49FA9A9F9D8}.Release|Any CPU.Build.0 = Release|Any CPU
		{9A332511-11F2-4D51-971F-9F9FA9B070DD}.Debug|Any CPU.ActiveCfg = Debug|Any CPU
		{9A332511-11F2-4D51-971F-9F9FA9B070DD}.Debug|Any CPU.Build.0 = Debug|Any CPU
		{9A332511-11F2-4D51-971F-9F9FA9B070DD}.Release|Any CPU.ActiveCfg = Release|Any CPU
		{9A332511-11F2-4D51-971F-9F9FA9B070DD}.Release|Any CPU.Build.0 = Release|Any CPU
		{7214F908-F58E-4F50-9AEB-D247DA47D318}.Debug|Any CPU.ActiveCfg = Debug|Any CPU
		{7214F908-F58E-4F50-9AEB-D247DA47D318}.Debug|Any CPU.Build.0 = Debug|Any CPU
		{7214F908-F58E-4F50-9AEB-D247DA47D318}.Release|Any CPU.ActiveCfg = Release|Any CPU
		{7214F908-F58E-4F50-9AEB-D247DA47D318}.Release|Any CPU.Build.0 = Release|Any CPU
	EndGlobalSection
	GlobalSection(SolutionProperties) = preSolution
		HideSolutionNode = FALSE
	EndGlobalSection
	GlobalSection(ExtensibilityGlobals) = postSolution
		SolutionGuid = {89A2D551-37A9-4BCF-ADC3-D36235B14C58}
	EndGlobalSection
EndGlobal
