
Microsoft Visual Studio Solution File, Format Version 12.00
# Visual Studio Version 17
VisualStudioVersion = 17.11.35222.181
MinimumVisualStudioVersion = 10.0.40219.1
Project("{9A19103F-16F7-4668-BE54-9A1E7A4F7556}") = "CameraServicesPlatform.BackEnd.Application", "CameraServicesPlatform.BackEnd.Application.csproj", "{ABB9A85A-2AED-403B-98D3-C6986EFF4CF7}"
EndProject
Global
	GlobalSection(SolutionConfigurationPlatforms) = preSolution
		Debug|Any CPU = Debug|Any CPU
		Release|Any CPU = Release|Any CPU
	EndGlobalSection
	GlobalSection(ProjectConfigurationPlatforms) = postSolution
		{ABB9A85A-2AED-403B-98D3-C6986EFF4CF7}.Debug|Any CPU.ActiveCfg = Debug|Any CPU
		{ABB9A85A-2AED-403B-98D3-C6986EFF4CF7}.Debug|Any CPU.Build.0 = Debug|Any CPU
		{ABB9A85A-2AED-403B-98D3-C6986EFF4CF7}.Release|Any CPU.ActiveCfg = Release|Any CPU
		{ABB9A85A-2AED-403B-98D3-C6986EFF4CF7}.Release|Any CPU.Build.0 = Release|Any CPU
	EndGlobalSection
	GlobalSection(SolutionProperties) = preSolution
		HideSolutionNode = FALSE
	EndGlobalSection
	GlobalSection(ExtensibilityGlobals) = postSolution
		SolutionGuid = {6F48DDEF-D1E6-4F14-ADAE-5522CCF4D495}
	EndGlobalSection
EndGlobal
