
Microsoft Visual Studio Solution File, Format Version 12.00
# Visual Studio Version 17
VisualStudioVersion = 17.11.35222.181
MinimumVisualStudioVersion = 10.0.40219.1
Project("{9A19103F-16F7-4668-BE54-9A1E7A4F7556}") = "CameraServicesPlatform.BackEnd.Infrastructure", "CameraServicesPlatform.BackEnd.Infrastructure.csproj", "{9DA3D421-EDF8-4299-90AE-4D02908D8C29}"
EndProject
Global
	GlobalSection(SolutionConfigurationPlatforms) = preSolution
		Debug|Any CPU = Debug|Any CPU
		Release|Any CPU = Release|Any CPU
	EndGlobalSection
	GlobalSection(ProjectConfigurationPlatforms) = postSolution
		{9DA3D421-EDF8-4299-90AE-4D02908D8C29}.Debug|Any CPU.ActiveCfg = Debug|Any CPU
		{9DA3D421-EDF8-4299-90AE-4D02908D8C29}.Debug|Any CPU.Build.0 = Debug|Any CPU
		{9DA3D421-EDF8-4299-90AE-4D02908D8C29}.Release|Any CPU.ActiveCfg = Release|Any CPU
		{9DA3D421-EDF8-4299-90AE-4D02908D8C29}.Release|Any CPU.Build.0 = Release|Any CPU
	EndGlobalSection
	GlobalSection(SolutionProperties) = preSolution
		HideSolutionNode = FALSE
	EndGlobalSection
	GlobalSection(ExtensibilityGlobals) = postSolution
		SolutionGuid = {2F8A3E61-DA25-4DAE-99C6-85CBAE832579}
	EndGlobalSection
EndGlobal
